
Microsoft Visual Studio Solution File, Format Version 12.00
# Visual Studio Version 17
VisualStudioVersion = 17.8.34316.72
MinimumVisualStudioVersion = 10.0.40219.1
Project("{FAE04EC0-301F-11D3-BF4B-00C04F79EFBC}") = "AdminWebHaiSan", "AdminWebHaiSan\AdminWebHaiSan.csproj", "{1EE05949-24B6-4972-8FB8-729AB61918C7}"
EndProject
Project("{FAE04EC0-301F-11D3-BF4B-00C04F79EFBC}") = "Log_in", "Log_in\Log_in.csproj", "{961305C3-ACF0-4556-9CAA-24D9681E1C0D}"
EndProject
Project("{FAE04EC0-301F-11D3-BF4B-00C04F79EFBC}") = "MenuAdmin", "MenuAdmin\MenuAdmin.csproj", "{FD576662-B09B-4943-A100-3FEE81273C6F}"
EndProject
Global
	GlobalSection(SolutionConfigurationPlatforms) = preSolution
		Debug|Any CPU = Debug|Any CPU
		Release|Any CPU = Release|Any CPU
	EndGlobalSection
	GlobalSection(ProjectConfigurationPlatforms) = postSolution
		{1EE05949-24B6-4972-8FB8-729AB61918C7}.Debug|Any CPU.ActiveCfg = Debug|Any CPU
		{1EE05949-24B6-4972-8FB8-729AB61918C7}.Debug|Any CPU.Build.0 = Debug|Any CPU
		{1EE05949-24B6-4972-8FB8-729AB61918C7}.Release|Any CPU.ActiveCfg = Release|Any CPU
		{1EE05949-24B6-4972-8FB8-729AB61918C7}.Release|Any CPU.Build.0 = Release|Any CPU
		{961305C3-ACF0-4556-9CAA-24D9681E1C0D}.Debug|Any CPU.ActiveCfg = Debug|Any CPU
		{961305C3-ACF0-4556-9CAA-24D9681E1C0D}.Debug|Any CPU.Build.0 = Debug|Any CPU
		{961305C3-ACF0-4556-9CAA-24D9681E1C0D}.Release|Any CPU.ActiveCfg = Release|Any CPU
		{961305C3-ACF0-4556-9CAA-24D9681E1C0D}.Release|Any CPU.Build.0 = Release|Any CPU
		{FD576662-B09B-4943-A100-3FEE81273C6F}.Debug|Any CPU.ActiveCfg = Debug|Any CPU
		{FD576662-B09B-4943-A100-3FEE81273C6F}.Debug|Any CPU.Build.0 = Debug|Any CPU
		{FD576662-B09B-4943-A100-3FEE81273C6F}.Release|Any CPU.ActiveCfg = Release|Any CPU
		{FD576662-B09B-4943-A100-3FEE81273C6F}.Release|Any CPU.Build.0 = Release|Any CPU
	EndGlobalSection
	GlobalSection(SolutionProperties) = preSolution
		HideSolutionNode = FALSE
	EndGlobalSection
	GlobalSection(ExtensibilityGlobals) = postSolution
		SolutionGuid = {7FC4A567-5BBD-45DD-A4C4-E490A8D5112E}
	EndGlobalSection
EndGlobal
